
Microsoft Visual Studio Solution File, Format Version 12.00
# Visual Studio Version 17
VisualStudioVersion = 17.5.002.0
MinimumVisualStudioVersion = 10.0.40219.1
Project("{9A19103F-16F7-4668-BE54-9A1E7A4F7556}") = "W4-assignment-template", "W4-assignment-template.csproj", "{05549F0B-0D40-4345-8B54-9E548BEC4FEB}"
EndProject
Global
	GlobalSection(SolutionConfigurationPlatforms) = preSolution
		Debug|Any CPU = Debug|Any CPU
		Release|Any CPU = Release|Any CPU
	EndGlobalSection
	GlobalSection(ProjectConfigurationPlatforms) = postSolution
		{05549F0B-0D40-4345-8B54-9E548BEC4FEB}.Debug|Any CPU.ActiveCfg = Debug|Any CPU
		{05549F0B-0D40-4345-8B54-9E548BEC4FEB}.Debug|Any CPU.Build.0 = Debug|Any CPU
		{05549F0B-0D40-4345-8B54-9E548BEC4FEB}.Release|Any CPU.ActiveCfg = Release|Any CPU
		{05549F0B-0D40-4345-8B54-9E548BEC4FEB}.Release|Any CPU.Build.0 = Release|Any CPU
	EndGlobalSection
	GlobalSection(SolutionProperties) = preSolution
		HideSolutionNode = FALSE
	EndGlobalSection
	GlobalSection(ExtensibilityGlobals) = postSolution
		SolutionGuid = {F9580BC5-ACAA-4356-9060-C98EF9390D9E}
	EndGlobalSection
EndGlobal
